version = 1
revision = 3
requires-python = "==3.12.*"

[[package]]
name = "annotated-doc"
version = "0.0.4"
source = { registry = "https://nexus.bia-tech.ru/repository/pypi.org/simple/" }
sdist = { url = "https://nexus.bia-tech.ru/repository/pypi.org/packages/annotated-doc/0.0.4/annotated_doc-0.0.4.tar.gz", hash = "sha256:fbcda96e87e9c92ad167c2e53839e57503ecfda18804ea28102353485033faa4" }
wheels = [
    { url = "https://nexus.bia-tech.ru/repository/pypi.org/packages/annotated-doc/0.0.4/annotated_doc-0.0.4-py3-none-any.whl", hash = "sha256:571ac1dc6991c450b25a9c2d84a3705e2ae7a53467b5d111c24fa8baabbed320" },
]

[[package]]
name = "annotated-types"
version = "0.7.0"
source = { registry = "https://nexus.bia-tech.ru/repository/pypi.org/simple/" }
sdist = { url = "https://nexus.bia-tech.ru/repository/pypi.org/packages/annotated-types/0.7.0/annotated_types-0.7.0.tar.gz", hash = "sha256:aff07c09a53a08bc8cfccb9c85b05f1aa9a2a6f23728d790723543408344ce89" }
wheels = [
    { url = "https://nexus.bia-tech.ru/repository/pypi.org/packages/annotated-types/0.7.0/annotated_types-0.7.0-py3-none-any.whl", hash = "sha256:1f02e8b43a8fbbc3f3e0d4f0f4bfc8131bcb4eebe8849b8e5c773f3a1c582a53" },
]

[[package]]
name = "anyio"
version = "4.11.0"
source = { registry = "https://nexus.bia-tech.ru/repository/pypi.org/simple/" }
dependencies = [
    { name = "idna" },
    { name = "sniffio" },
    { name = "typing-extensions" },
]
sdist = { url = "https://nexus.bia-tech.ru/repository/pypi.org/packages/anyio/4.11.0/anyio-4.11.0.tar.gz", hash = "sha256:82a8d0b81e318cc5ce71a5f1f8b5c4e63619620b63141ef8c995fa0db95a57c4" }
wheels = [
    { url = "https://nexus.bia-tech.ru/repository/pypi.org/packages/anyio/4.11.0/anyio-4.11.0-py3-none-any.whl", hash = "sha256:0287e96f4d26d4149305414d4e3bc32f0dcd0862365a4bddea19d7a1ec38c4fc" },
]

[[package]]
name = "certifi"
version = "2025.11.12"
source = { registry = "https://nexus.bia-tech.ru/repository/pypi.org/simple/" }
sdist = { url = "https://nexus.bia-tech.ru/repository/pypi.org/packages/certifi/2025.11.12/certifi-2025.11.12.tar.gz", hash = "sha256:d8ab5478f2ecd78af242878415affce761ca6bc54a22a27e026d7c25357c3316" }
wheels = [
    { url = "https://nexus.bia-tech.ru/repository/pypi.org/packages/certifi/2025.11.12/certifi-2025.11.12-py3-none-any.whl", hash = "sha256:97de8790030bbd5c2d96b7ec782fc2f7820ef8dba6db909ccf95449f2d062d4b" },
]

[[package]]
name = "click"
version = "8.3.1"
source = { registry = "https://nexus.bia-tech.ru/repository/pypi.org/simple/" }
dependencies = [
    { name = "colorama", marker = "sys_platform == 'win32'" },
]
sdist = { url = "https://nexus.bia-tech.ru/repository/pypi.org/packages/click/8.3.1/click-8.3.1.tar.gz", hash = "sha256:12ff4785d337a1bb490bb7e9c2b1ee5da3112e94a8622f26a6c77f5d2fc6842a" }
wheels = [
    { url = "https://nexus.bia-tech.ru/repository/pypi.org/packages/click/8.3.1/click-8.3.1-py3-none-any.whl", hash = "sha256:981153a64e25f12d547d3426c367a4857371575ee7ad18df2a6183ab0545b2a6" },
]

[[package]]
name = "colorama"
version = "0.4.6"
source = { registry = "https://nexus.bia-tech.ru/repository/pypi.org/simple/" }
sdist = { url = "https://nexus.bia-tech.ru/repository/pypi.org/packages/colorama/0.4.6/colorama-0.4.6.tar.gz", hash = "sha256:08695f5cb7ed6e0531a20572697297273c47b8cae5a63ffc6d6ed5c201be6e44" }
wheels = [
    { url = "https://nexus.bia-tech.ru/repository/pypi.org/packages/colorama/0.4.6/colorama-0.4.6-py2.py3-none-any.whl", hash = "sha256:4f1d9991f5acc0ca119f9d443620b77f9d6b33703e51011c16baf57afb285fc6" },
]

[[package]]
name = "coverage"
version = "7.12.0"
source = { registry = "https://nexus.bia-tech.ru/repository/pypi.org/simple/" }
sdist = { url = "https://nexus.bia-tech.ru/repository/pypi.org/packages/coverage/7.12.0/coverage-7.12.0.tar.gz", hash = "sha256:fc11e0a4e372cb5f282f16ef90d4a585034050ccda536451901abfb19a57f40c" }
wheels = [
    { url = "https://nexus.bia-tech.ru/repository/pypi.org/packages/coverage/7.12.0/coverage-7.12.0-cp312-cp312-macosx_10_13_x86_64.whl", hash = "sha256:29644c928772c78512b48e14156b81255000dcfd4817574ff69def189bcb3647" },
    { url = "https://nexus.bia-tech.ru/repository/pypi.org/packages/coverage/7.12.0/coverage-7.12.0-cp312-cp312-macosx_11_0_arm64.whl", hash = "sha256:8638cbb002eaa5d7c8d04da667813ce1067080b9a91099801a0053086e52b736" },
    { url = "https://nexus.bia-tech.ru/repository/pypi.org/packages/coverage/7.12.0/coverage-7.12.0-cp312-cp312-manylinux1_i686.manylinux_2_28_i686.manylinux_2_5_i686.whl", hash = "sha256:083631eeff5eb9992c923e14b810a179798bb598e6a0dd60586819fc23be6e60" },
    { url = "https://nexus.bia-tech.ru/repository/pypi.org/packages/coverage/7.12.0/coverage-7.12.0-cp312-cp312-manylinux1_x86_64.manylinux_2_28_x86_64.manylinux_2_5_x86_64.whl", hash = "sha256:99d5415c73ca12d558e07776bd957c4222c687b9f1d26fa0e1b57e3598bdcde8" },
    { url = "https://nexus.bia-tech.ru/repository/pypi.org/packages/coverage/7.12.0/coverage-7.12.0-cp312-cp312-manylinux2014_aarch64.manylinux_2_17_aarch64.manylinux_2_28_aarch64.whl", hash = "sha256:e949ebf60c717c3df63adb4a1a366c096c8d7fd8472608cd09359e1bd48ef59f" },
    { url = "https://nexus.bia-tech.ru/repository/pypi.org/packages/coverage/7.12.0/coverage-7.12.0-cp312-cp312-manylinux_2_31_riscv64.manylinux_2_39_riscv64.whl", hash = "sha256:6d907ddccbca819afa2cd014bc69983b146cca2735a0b1e6259b2a6c10be1e70" },
    { url = "https://nexus.bia-tech.ru/repository/pypi.org/packages/coverage/7.12.0/coverage-7.12.0-cp312-cp312-musllinux_1_2_aarch64.whl", hash = "sha256:b1518ecbad4e6173f4c6e6c4a46e49555ea5679bf3feda5edb1b935c7c44e8a0" },
    { url = "https://nexus.bia-tech.ru/repository/pypi.org/packages/coverage/7.12.0/coverage-7.12.0-cp312-cp312-musllinux_1_2_i686.whl", hash = "sha256:51777647a749abdf6f6fd8c7cffab12de68ab93aab15efc72fbbb83036c2a068" },
    { url = "https://nexus.bia-tech.ru/repository/pypi.org/packages/coverage/7.12.0/coverage-7.12.0-cp312-cp312-musllinux_1_2_riscv64.whl", hash = "sha256:42435d46d6461a3b305cdfcad7cdd3248787771f53fe18305548cba474e6523b" },
    { url = "https://nexus.bia-tech.ru/repository/pypi.org/packages/coverage/7.12.0/coverage-7.12.0-cp312-cp312-musllinux_1_2_x86_64.whl", hash = "sha256:5bcead88c8423e1855e64b8057d0544e33e4080b95b240c2a355334bb7ced937" },
    { url = "https://nexus.bia-tech.ru/repository/pypi.org/packages/coverage/7.12.0/coverage-7.12.0-cp312-cp312-win32.whl", hash = "sha256:dcbb630ab034e86d2a0f79aefd2be07e583202f41e037602d438c80044957baa" },
    { url = "https://nexus.bia-tech.ru/repository/pypi.org/packages/coverage/7.12.0/coverage-7.12.0-cp312-cp312-win_amd64.whl", hash = "sha256:2fd8354ed5d69775ac42986a691fbf68b4084278710cee9d7c3eaa0c28fa982a" },
    { url = "https://nexus.bia-tech.ru/repository/pypi.org/packages/coverage/7.12.0/coverage-7.12.0-cp312-cp312-win_arm64.whl", hash = "sha256:737c3814903be30695b2de20d22bcc5428fdae305c61ba44cdc8b3252984c49c" },
    { url = "https://nexus.bia-tech.ru/repository/pypi.org/packages/coverage/7.12.0/coverage-7.12.0-py3-none-any.whl", hash = "sha256:159d50c0b12e060b15ed3d39f87ed43d4f7f7ad40b8a534f4dd331adbb51104a" },
]

[[package]]
name = "fastapi"
version = "0.122.0"
source = { registry = "https://nexus.bia-tech.ru/repository/pypi.org/simple/" }
dependencies = [
    { name = "annotated-doc" },
    { name = "pydantic" },
    { name = "starlette" },
    { name = "typing-extensions" },
]
sdist = { url = "https://nexus.bia-tech.ru/repository/pypi.org/packages/fastapi/0.122.0/fastapi-0.122.0.tar.gz", hash = "sha256:cd9b5352031f93773228af8b4c443eedc2ac2aa74b27780387b853c3726fb94b" }
wheels = [
    { url = "https://nexus.bia-tech.ru/repository/pypi.org/packages/fastapi/0.122.0/fastapi-0.122.0-py3-none-any.whl", hash = "sha256:a456e8915dfc6c8914a50d9651133bd47ec96d331c5b44600baa635538a30d67" },
]

[[package]]
name = "h11"
version = "0.16.0"
source = { registry = "https://nexus.bia-tech.ru/repository/pypi.org/simple/" }
sdist = { url = "https://nexus.bia-tech.ru/repository/pypi.org/packages/h11/0.16.0/h11-0.16.0.tar.gz", hash = "sha256:4e35b956cf45792e4caa5885e69fba00bdbc6ffafbfa020300e549b208ee5ff1" }
wheels = [
    { url = "https://nexus.bia-tech.ru/repository/pypi.org/packages/h11/0.16.0/h11-0.16.0-py3-none-any.whl", hash = "sha256:63cf8bbe7522de3bf65932fda1d9c2772064ffb3dae62d55932da54b31cb6c86" },
]

[[package]]
name = "httpcore"
version = "1.0.9"
source = { registry = "https://nexus.bia-tech.ru/repository/pypi.org/simple/" }
dependencies = [
    { name = "certifi" },
    { name = "h11" },
]
sdist = { url = "https://nexus.bia-tech.ru/repository/pypi.org/packages/httpcore/1.0.9/httpcore-1.0.9.tar.gz", hash = "sha256:6e34463af53fd2ab5d807f399a9b45ea31c3dfa2276f15a2c3f00afff6e176e8" }
wheels = [
    { url = "https://nexus.bia-tech.ru/repository/pypi.org/packages/httpcore/1.0.9/httpcore-1.0.9-py3-none-any.whl", hash = "sha256:2d400746a40668fc9dec9810239072b40b4484b640a8c38fd654a024c7a1bf55" },
]

[[package]]
name = "httptools"
version = "0.7.1"
source = { registry = "https://nexus.bia-tech.ru/repository/pypi.org/simple/" }
sdist = { url = "https://nexus.bia-tech.ru/repository/pypi.org/packages/httptools/0.7.1/httptools-0.7.1.tar.gz", hash = "sha256:abd72556974f8e7c74a259655924a717a2365b236c882c3f6f8a45fe94703ac9" }
wheels = [
    { url = "https://nexus.bia-tech.ru/repository/pypi.org/packages/httptools/0.7.1/httptools-0.7.1-cp312-cp312-macosx_10_13_universal2.whl", hash = "sha256:38e0c83a2ea9746ebbd643bdfb521b9aa4a91703e2cd705c20443405d2fd16a5" },
    { url = "https://nexus.bia-tech.ru/repository/pypi.org/packages/httptools/0.7.1/httptools-0.7.1-cp312-cp312-macosx_11_0_arm64.whl", hash = "sha256:f25bbaf1235e27704f1a7b86cd3304eabc04f569c828101d94a0e605ef7205a5" },
    { url = "https://nexus.bia-tech.ru/repository/pypi.org/packages/httptools/0.7.1/httptools-0.7.1-cp312-cp312-manylinux1_x86_64.manylinux_2_28_x86_64.manylinux_2_5_x86_64.whl", hash = "sha256:2c15f37ef679ab9ecc06bfc4e6e8628c32a8e4b305459de7cf6785acd57e4d03" },
    { url = "https://nexus.bia-tech.ru/repository/pypi.org/packages/httptools/0.7.1/httptools-0.7.1-cp312-cp312-manylinux2014_aarch64.manylinux_2_17_aarch64.manylinux_2_28_aarch64.whl", hash = "sha256:7fe6e96090df46b36ccfaf746f03034e5ab723162bc51b0a4cf58305324036f2" },
    { url = "https://nexus.bia-tech.ru/repository/pypi.org/packages/httptools/0.7.1/httptools-0.7.1-cp312-cp312-musllinux_1_2_aarch64.whl", hash = "sha256:f72fdbae2dbc6e68b8239defb48e6a5937b12218e6ffc2c7846cc37befa84362" },
    { url = "https://nexus.bia-tech.ru/repository/pypi.org/packages/httptools/0.7.1/httptools-0.7.1-cp312-cp312-musllinux_1_2_x86_64.whl", hash = "sha256:e99c7b90a29fd82fea9ef57943d501a16f3404d7b9ee81799d41639bdaae412c" },
    { url = "https://nexus.bia-tech.ru/repository/pypi.org/packages/httptools/0.7.1/httptools-0.7.1-cp312-cp312-win_amd64.whl", hash = "sha256:3e14f530fefa7499334a79b0cf7e7cd2992870eb893526fb097d51b4f2d0f321" },
]

[[package]]
name = "httpx"
version = "0.28.1"
source = { registry = "https://nexus.bia-tech.ru/repository/pypi.org/simple/" }
dependencies = [
    { name = "anyio" },
    { name = "certifi" },
    { name = "httpcore" },
    { name = "idna" },
]
sdist = { url = "https://nexus.bia-tech.ru/repository/pypi.org/packages/httpx/0.28.1/httpx-0.28.1.tar.gz", hash = "sha256:75e98c5f16b0f35b567856f597f06ff2270a374470a5c2392242528e3e3e42fc" }
wheels = [
    { url = "https://nexus.bia-tech.ru/repository/pypi.org/packages/httpx/0.28.1/httpx-0.28.1-py3-none-any.whl", hash = "sha256:d909fcccc110f8c7faf814ca82a9a4d816bc5a6dbfea25d6591d6985b8ba59ad" },
]

[[package]]
name = "idna"
version = "3.11"
source = { registry = "https://nexus.bia-tech.ru/repository/pypi.org/simple/" }
sdist = { url = "https://nexus.bia-tech.ru/repository/pypi.org/packages/idna/3.11/idna-3.11.tar.gz", hash = "sha256:795dafcc9c04ed0c1fb032c2aa73654d8e8c5023a7df64a53f39190ada629902" }
wheels = [
    { url = "https://nexus.bia-tech.ru/repository/pypi.org/packages/idna/3.11/idna-3.11-py3-none-any.whl", hash = "sha256:771a87f49d9defaf64091e6e6fe9c18d4833f140bd19464795bc32d966ca37ea" },
]

[[package]]
name = "iniconfig"
version = "2.3.0"
source = { registry = "https://nexus.bia-tech.ru/repository/pypi.org/simple/" }
sdist = { url = "https://nexus.bia-tech.ru/repository/pypi.org/packages/iniconfig/2.3.0/iniconfig-2.3.0.tar.gz", hash = "sha256:c76315c77db068650d49c5b56314774a7804df16fee4402c1f19d6d15d8c4730" }
wheels = [
    { url = "https://nexus.bia-tech.ru/repository/pypi.org/packages/iniconfig/2.3.0/iniconfig-2.3.0-py3-none-any.whl", hash = "sha256:f631c04d2c48c52b84d0d0549c99ff3859c98df65b3101406327ecc7d53fbf12" },
]

[[package]]
name = "jinja2"
version = "3.1.6"
source = { registry = "https://nexus.bia-tech.ru/repository/pypi.org/simple/" }
dependencies = [
    { name = "markupsafe" },
]
sdist = { url = "https://nexus.bia-tech.ru/repository/pypi.org/packages/jinja2/3.1.6/jinja2-3.1.6.tar.gz", hash = "sha256:0137fb05990d35f1275a587e9aee6d56da821fc83491a0fb838183be43f66d6d" }
wheels = [
    { url = "https://nexus.bia-tech.ru/repository/pypi.org/packages/jinja2/3.1.6/jinja2-3.1.6-py3-none-any.whl", hash = "sha256:85ece4451f492d0c13c5dd7c13a64681a86afae63a5f347908daf103ce6d2f67" },
]

[[package]]
name = "markupsafe"
version = "3.0.3"
source = { registry = "https://nexus.bia-tech.ru/repository/pypi.org/simple/" }
sdist = { url = "https://nexus.bia-tech.ru/repository/pypi.org/packages/markupsafe/3.0.3/markupsafe-3.0.3.tar.gz", hash = "sha256:722695808f4b6457b320fdc131280796bdceb04ab50fe1795cd540799ebe1698" }
wheels = [
    { url = "https://nexus.bia-tech.ru/repository/pypi.org/packages/markupsafe/3.0.3/markupsafe-3.0.3-cp312-cp312-macosx_10_13_x86_64.whl", hash = "sha256:d53197da72cc091b024dd97249dfc7794d6a56530370992a5e1a08983ad9230e" },
    { url = "https://nexus.bia-tech.ru/repository/pypi.org/packages/markupsafe/3.0.3/markupsafe-3.0.3-cp312-cp312-macosx_11_0_arm64.whl", hash = "sha256:1872df69a4de6aead3491198eaf13810b565bdbeec3ae2dc8780f14458ec73ce" },
    { url = "https://nexus.bia-tech.ru/repository/pypi.org/packages/markupsafe/3.0.3/markupsafe-3.0.3-cp312-cp312-manylinux2014_aarch64.manylinux_2_17_aarch64.manylinux_2_28_aarch64.whl", hash = "sha256:3a7e8ae81ae39e62a41ec302f972ba6ae23a5c5396c8e60113e9066ef893da0d" },
    { url = "https://nexus.bia-tech.ru/repository/pypi.org/packages/markupsafe/3.0.3/markupsafe-3.0.3-cp312-cp312-manylinux2014_x86_64.manylinux_2_17_x86_64.manylinux_2_28_x86_64.whl", hash = "sha256:d6dd0be5b5b189d31db7cda48b91d7e0a9795f31430b7f271219ab30f1d3ac9d" },
    { url = "https://nexus.bia-tech.ru/repository/pypi.org/packages/markupsafe/3.0.3/markupsafe-3.0.3-cp312-cp312-manylinux_2_31_riscv64.manylinux_2_39_riscv64.whl", hash = "sha256:94c6f0bb423f739146aec64595853541634bde58b2135f27f61c1ffd1cd4d16a" },
    { url = "https://nexus.bia-tech.ru/repository/pypi.org/packages/markupsafe/3.0.3/markupsafe-3.0.3-cp312-cp312-musllinux_1_2_aarch64.whl", hash = "sha256:be8813b57049a7dc738189df53d69395eba14fb99345e0a5994914a3864c8a4b" },
    { url = "https://nexus.bia-tech.ru/repository/pypi.org/packages/markupsafe/3.0.3/markupsafe-3.0.3-cp312-cp312-musllinux_1_2_riscv64.whl", hash = "sha256:83891d0e9fb81a825d9a6d61e3f07550ca70a076484292a70fde82c4b807286f" },
    { url = "https://nexus.bia-tech.ru/repository/pypi.org/packages/markupsafe/3.0.3/markupsafe-3.0.3-cp312-cp312-musllinux_1_2_x86_64.whl", hash = "sha256:77f0643abe7495da77fb436f50f8dab76dbc6e5fd25d39589a0f1fe6548bfa2b" },
    { url = "https://nexus.bia-tech.ru/repository/pypi.org/packages/markupsafe/3.0.3/markupsafe-3.0.3-cp312-cp312-win32.whl", hash = "sha256:d88b440e37a16e651bda4c7c2b930eb586fd15ca7406cb39e211fcff3bf3017d" },
    { url = "https://nexus.bia-tech.ru/repository/pypi.org/packages/markupsafe/3.0.3/markupsafe-3.0.3-cp312-cp312-win_amd64.whl", hash = "sha256:26a5784ded40c9e318cfc2bdb30fe164bdb8665ded9cd64d500a34fb42067b1c" },
    { url = "https://nexus.bia-tech.ru/repository/pypi.org/packages/markupsafe/3.0.3/markupsafe-3.0.3-cp312-cp312-win_arm64.whl", hash = "sha256:35add3b638a5d900e807944a078b51922212fb3dedb01633a8defc4b01a3c85f" },
]

[[package]]
name = "nopaste"
version = "0.3.0"
source = { virtual = "." }
dependencies = [
    { name = "fastapi" },
    { name = "httpx" },
    { name = "jinja2" },
    { name = "python-multipart" },
    { name = "uvicorn", extra = ["standard"] },
]

[package.optional-dependencies]
test = [
    { name = "pytest" },
    { name = "pytest-cov" },
]

[package.metadata]
requires-dist = [
    { name = "fastapi", specifier = ">=0.115.5" },
    { name = "httpx", specifier = ">=0.27.2" },
    { name = "jinja2", specifier = ">=3.1.6" },
    { name = "pytest", marker = "extra == 'test'", specifier = ">=8.3.5" },
    { name = "pytest-cov", marker = "extra == 'test'", specifier = ">=6.0.0" },
    { name = "python-multipart", specifier = ">=0.0.17" },
    { name = "uvicorn", extras = ["standard"], specifier = ">=0.32.0" },
]
provides-extras = ["test"]

[[package]]
name = "packaging"
version = "25.0"
source = { registry = "https://nexus.bia-tech.ru/repository/pypi.org/simple/" }
sdist = { url = "https://nexus.bia-tech.ru/repository/pypi.org/packages/packaging/25.0/packaging-25.0.tar.gz", hash = "sha256:d443872c98d677bf60f6a1f2f8c1cb748e8fe762d2bf9d3148b5599295b0fc4f" }
wheels = [
    { url = "https://nexus.bia-tech.ru/repository/pypi.org/packages/packaging/25.0/packaging-25.0-py3-none-any.whl", hash = "sha256:29572ef2b1f17581046b3a2227d5c611fb25ec70ca1ba8554b24b0e69331a484" },
]

[[package]]
name = "pluggy"
version = "1.6.0"
source = { registry = "https://nexus.bia-tech.ru/repository/pypi.org/simple/" }
sdist = { url = "https://nexus.bia-tech.ru/repository/pypi.org/packages/pluggy/1.6.0/pluggy-1.6.0.tar.gz", hash = "sha256:7dcc130b76258d33b90f61b658791dede3486c3e6bfb003ee5c9bfb396dd22f3" }
wheels = [
    { url = "https://nexus.bia-tech.ru/repository/pypi.org/packages/pluggy/1.6.0/pluggy-1.6.0-py3-none-any.whl", hash = "sha256:e920276dd6813095e9377c0bc5566d94c932c33b27a3e3945d8389c374dd4746" },
]

[[package]]
name = "pydantic"
version = "2.12.5"
source = { registry = "https://nexus.bia-tech.ru/repository/pypi.org/simple/" }
dependencies = [
    { name = "annotated-types" },
    { name = "pydantic-core" },
    { name = "typing-extensions" },
    { name = "typing-inspection" },
]
sdist = { url = "https://nexus.bia-tech.ru/repository/pypi.org/packages/pydantic/2.12.5/pydantic-2.12.5.tar.gz", hash = "sha256:4d351024c75c0f085a9febbb665ce8c0c6ec5d30e903bdb6394b7ede26aebb49" }
wheels = [
    { url = "https://nexus.bia-tech.ru/repository/pypi.org/packages/pydantic/2.12.5/pydantic-2.12.5-py3-none-any.whl", hash = "sha256:e561593fccf61e8a20fc46dfc2dfe075b8be7d0188df33f221ad1f0139180f9d" },
]

[[package]]
name = "pydantic-core"
version = "2.41.5"
source = { registry = "https://nexus.bia-tech.ru/repository/pypi.org/simple/" }
dependencies = [
    { name = "typing-extensions" },
]
sdist = { url = "https://nexus.bia-tech.ru/repository/pypi.org/packages/pydantic-core/2.41.5/pydantic_core-2.41.5.tar.gz", hash = "sha256:08daa51ea16ad373ffd5e7606252cc32f07bc72b28284b6bc9c6df804816476e" }
wheels = [
    { url = "https://nexus.bia-tech.ru/repository/pypi.org/packages/pydantic-core/2.41.5/pydantic_core-2.41.5-cp312-cp312-macosx_10_12_x86_64.whl", hash = "sha256:f41a7489d32336dbf2199c8c0a215390a751c5b014c2c1c5366e817202e9cdf7" },
    { url = "https://nexus.bia-tech.ru/repository/pypi.org/packages/pydantic-core/2.41.5/pydantic_core-2.41.5-cp312-cp312-macosx_11_0_arm64.whl", hash = "sha256:070259a8818988b9a84a449a2a7337c7f430a22acc0859c6b110aa7212a6d9c0" },
    { url = "https://nexus.bia-tech.ru/repository/pypi.org/packages/pydantic-core/2.41.5/pydantic_core-2.41.5-cp312-cp312-manylinux_2_17_aarch64.manylinux2014_aarch64.whl", hash = "sha256:e96cea19e34778f8d59fe40775a7a574d95816eb150850a85a7a4c8f4b94ac69" },
    { url = "https://nexus.bia-tech.ru/repository/pypi.org/packages/pydantic-core/2.41.5/pydantic_core-2.41.5-cp312-cp312-manylinux_2_17_armv7l.manylinux2014_armv7l.whl", hash = "sha256:ed2e99c456e3fadd05c991f8f437ef902e00eedf34320ba2b0842bd1c3ca3a75" },
    { url = "https://nexus.bia-tech.ru/repository/pypi.org/packages/pydantic-core/2.41.5/pydantic_core-2.41.5-cp312-cp312-manylinux_2_17_ppc64le.manylinux2014_ppc64le.whl", hash = "sha256:65840751b72fbfd82c3c640cff9284545342a4f1eb1586ad0636955b261b0b05" },
    { url = "https://nexus.bia-tech.ru/repository/pypi.org/packages/pydantic-core/2.41.5/pydantic_core-2.41.5-cp312-cp312-manylinux_2_17_s390x.manylinux2014_s390x.whl", hash = "sha256:e536c98a7626a98feb2d3eaf75944ef6f3dbee447e1f841eae16f2f0a72d8ddc" },
    { url = "https://nexus.bia-tech.ru/repository/pypi.org/packages/pydantic-core/2.41.5/pydantic_core-2.41.5-cp312-cp312-manylinux_2_17_x86_64.manylinux2014_x86_64.whl", hash = "sha256:eceb81a8d74f9267ef4081e246ffd6d129da5d87e37a77c9bde550cb04870c1c" },
    { url = "https://nexus.bia-tech.ru/repository/pypi.org/packages/pydantic-core/2.41.5/pydantic_core-2.41.5-cp312-cp312-manylinux_2_5_i686.manylinux1_i686.whl", hash = "sha256:d38548150c39b74aeeb0ce8ee1d8e82696f4a4e16ddc6de7b1d8823f7de4b9b5" },
    { url = "https://nexus.bia-tech.ru/repository/pypi.org/packages/pydantic-core/2.41.5/pydantic_core-2.41.5-cp312-cp312-musllinux_1_1_aarch64.whl", hash = "sha256:c23e27686783f60290e36827f9c626e63154b82b116d7fe9adba1fda36da706c" },
    { url = "https://nexus.bia-tech.ru/repository/pypi.org/packages/pydantic-core/2.41.5/pydantic_core-2.41.5-cp312-cp312-musllinux_1_1_armv7l.whl", hash = "sha256:482c982f814460eabe1d3bb0adfdc583387bd4691ef00b90575ca0d2b6fe2294" },
    { url = "https://nexus.bia-tech.ru/repository/pypi.org/packages/pydantic-core/2.41.5/pydantic_core-2.41.5-cp312-cp312-musllinux_1_1_x86_64.whl", hash = "sha256:bfea2a5f0b4d8d43adf9d7b8bf019fb46fdd10a2e5cde477fbcb9d1fa08c68e1" },
    { url = "https://nexus.bia-tech.ru/repository/pypi.org/packages/pydantic-core/2.41.5/pydantic_core-2.41.5-cp312-cp312-win32.whl", hash = "sha256:b74557b16e390ec12dca509bce9264c3bbd128f8a2c376eaa68003d7f327276d" },
    { url = "https://nexus.bia-tech.ru/repository/pypi.org/packages/pydantic-core/2.41.5/pydantic_core-2.41.5-cp312-cp312-win_amd64.whl", hash = "sha256:1962293292865bca8e54702b08a4f26da73adc83dd1fcf26fbc875b35d81c815" },
    { url = "https://nexus.bia-tech.ru/repository/pypi.org/packages/pydantic-core/2.41.5/pydantic_core-2.41.5-cp312-cp312-win_arm64.whl", hash = "sha256:1746d4a3d9a794cacae06a5eaaccb4b8643a131d45fbc9af23e353dc0a5ba5c3" },
    { url = "https://nexus.bia-tech.ru/repository/pypi.org/packages/pydantic-core/2.41.5/pydantic_core-2.41.5-graalpy312-graalpy250_312_native-macosx_10_12_x86_64.whl", hash = "sha256:7da7087d756b19037bc2c06edc6c170eeef3c3bafcb8f532ff17d64dc427adfd" },
    { url = "https://nexus.bia-tech.ru/repository/pypi.org/packages/pydantic-core/2.41.5/pydantic_core-2.41.5-graalpy312-graalpy250_312_native-macosx_11_0_arm64.whl", hash = "sha256:aabf5777b5c8ca26f7824cb4a120a740c9588ed58df9b2d196ce92fba42ff8dc" },
    { url = "https://nexus.bia-tech.ru/repository/pypi.org/packages/pydantic-core/2.41.5/pydantic_core-2.41.5-graalpy312-graalpy250_312_native-manylinux_2_17_aarch64.manylinux2014_aarch64.whl", hash = "sha256:c007fe8a43d43b3969e8469004e9845944f1a80e6acd47c150856bb87f230c56" },
    { url = "https://nexus.bia-tech.ru/repository/pypi.org/packages/pydantic-core/2.41.5/pydantic_core-2.41.5-graalpy312-graalpy250_312_native-manylinux_2_17_x86_64.manylinux2014_x86_64.whl", hash = "sha256:76d0819de158cd855d1cbb8fcafdf6f5cf1eb8e470abe056d5d161106e38062b" },
]

[[package]]
name = "pygments"
version = "2.19.2"
source = { registry = "https://nexus.bia-tech.ru/repository/pypi.org/simple/" }
sdist = { url = "https://nexus.bia-tech.ru/repository/pypi.org/packages/pygments/2.19.2/pygments-2.19.2.tar.gz", hash = "sha256:636cb2477cec7f8952536970bc533bc43743542f70392ae026374600add5b887" }
wheels = [
    { url = "https://nexus.bia-tech.ru/repository/pypi.org/packages/pygments/2.19.2/pygments-2.19.2-py3-none-any.whl", hash = "sha256:86540386c03d588bb81d44bc3928634ff26449851e99741617ecb9037ee5ec0b" },
]

[[package]]
name = "pytest"
version = "9.0.1"
source = { registry = "https://nexus.bia-tech.ru/repository/pypi.org/simple/" }
dependencies = [
    { name = "colorama", marker = "sys_platform == 'win32'" },
    { name = "iniconfig" },
    { name = "packaging" },
    { name = "pluggy" },
    { name = "pygments" },
]
sdist = { url = "https://nexus.bia-tech.ru/repository/pypi.org/packages/pytest/9.0.1/pytest-9.0.1.tar.gz", hash = "sha256:3e9c069ea73583e255c3b21cf46b8d3c56f6e3a1a8f6da94ccb0fcf57b9d73c8" }
wheels = [
    { url = "https://nexus.bia-tech.ru/repository/pypi.org/packages/pytest/9.0.1/pytest-9.0.1-py3-none-any.whl", hash = "sha256:67be0030d194df2dfa7b556f2e56fb3c3315bd5c8822c6951162b92b32ce7dad" },
]

[[package]]
name = "pytest-cov"
version = "7.0.0"
source = { registry = "https://nexus.bia-tech.ru/repository/pypi.org/simple/" }
dependencies = [
    { name = "coverage" },
    { name = "pluggy" },
    { name = "pytest" },
]
sdist = { url = "https://nexus.bia-tech.ru/repository/pypi.org/packages/pytest-cov/7.0.0/pytest_cov-7.0.0.tar.gz", hash = "sha256:33c97eda2e049a0c5298e91f519302a1334c26ac65c1a483d6206fd458361af1" }
wheels = [
    { url = "https://nexus.bia-tech.ru/repository/pypi.org/packages/pytest-cov/7.0.0/pytest_cov-7.0.0-py3-none-any.whl", hash = "sha256:3b8e9558b16cc1479da72058bdecf8073661c7f57f7d3c5f22a1c23507f2d861" },
]

[[package]]
name = "python-dotenv"
version = "1.2.1"
source = { registry = "https://nexus.bia-tech.ru/repository/pypi.org/simple/" }
sdist = { url = "https://nexus.bia-tech.ru/repository/pypi.org/packages/python-dotenv/1.2.1/python_dotenv-1.2.1.tar.gz", hash = "sha256:42667e897e16ab0d66954af0e60a9caa94f0fd4ecf3aaf6d2d260eec1aa36ad6" }
wheels = [
    { url = "https://nexus.bia-tech.ru/repository/pypi.org/packages/python-dotenv/1.2.1/python_dotenv-1.2.1-py3-none-any.whl", hash = "sha256:b81ee9561e9ca4004139c6cbba3a238c32b03e4894671e181b671e8cb8425d61" },
]

[[package]]
name = "python-multipart"
version = "0.0.20"
source = { registry = "https://nexus.bia-tech.ru/repository/pypi.org/simple/" }
sdist = { url = "https://nexus.bia-tech.ru/repository/pypi.org/packages/python-multipart/0.0.20/python_multipart-0.0.20.tar.gz", hash = "sha256:8dd0cab45b8e23064ae09147625994d090fa46f5b0d1e13af944c331a7fa9d13" }
wheels = [
    { url = "https://nexus.bia-tech.ru/repository/pypi.org/packages/python-multipart/0.0.20/python_multipart-0.0.20-py3-none-any.whl", hash = "sha256:8a62d3a8335e06589fe01f2a3e178cdcc632f3fbe0d492ad9ee0ec35aab1f104" },
]

[[package]]
name = "pyyaml"
version = "6.0.3"
source = { registry = "https://nexus.bia-tech.ru/repository/pypi.org/simple/" }
sdist = { url = "https://nexus.bia-tech.ru/repository/pypi.org/packages/pyyaml/6.0.3/pyyaml-6.0.3.tar.gz", hash = "sha256:d76623373421df22fb4cf8817020cbb7ef15c725b9d5e45f17e189bfc384190f" }
wheels = [
    { url = "https://nexus.bia-tech.ru/repository/pypi.org/packages/pyyaml/6.0.3/pyyaml-6.0.3-cp312-cp312-macosx_10_13_x86_64.whl", hash = "sha256:7f047e29dcae44602496db43be01ad42fc6f1cc0d8cd6c83d342306c32270196" },
    { url = "https://nexus.bia-tech.ru/repository/pypi.org/packages/pyyaml/6.0.3/pyyaml-6.0.3-cp312-cp312-macosx_11_0_arm64.whl", hash = "sha256:fc09d0aa354569bc501d4e787133afc08552722d3ab34836a80547331bb5d4a0" },
    { url = "https://nexus.bia-tech.ru/repository/pypi.org/packages/pyyaml/6.0.3/pyyaml-6.0.3-cp312-cp312-manylinux2014_aarch64.manylinux_2_17_aarch64.manylinux_2_28_aarch64.whl", hash = "sha256:9149cad251584d5fb4981be1ecde53a1ca46c891a79788c0df828d2f166bda28" },
    { url = "https://nexus.bia-tech.ru/repository/pypi.org/packages/pyyaml/6.0.3/pyyaml-6.0.3-cp312-cp312-manylinux2014_s390x.manylinux_2_17_s390x.manylinux_2_28_s390x.whl", hash = "sha256:5fdec68f91a0c6739b380c83b951e2c72ac0197ace422360e6d5a959d8d97b2c" },
    { url = "https://nexus.bia-tech.ru/repository/pypi.org/packages/pyyaml/6.0.3/pyyaml-6.0.3-cp312-cp312-manylinux2014_x86_64.manylinux_2_17_x86_64.manylinux_2_28_x86_64.whl", hash = "sha256:ba1cc08a7ccde2d2ec775841541641e4548226580ab850948cbfda66a1befcdc" },
    { url = "https://nexus.bia-tech.ru/repository/pypi.org/packages/pyyaml/6.0.3/pyyaml-6.0.3-cp312-cp312-musllinux_1_2_aarch64.whl", hash = "sha256:8dc52c23056b9ddd46818a57b78404882310fb473d63f17b07d5c40421e47f8e" },
    { url = "https://nexus.bia-tech.ru/repository/pypi.org/packages/pyyaml/6.0.3/pyyaml-6.0.3-cp312-cp312-musllinux_1_2_x86_64.whl", hash = "sha256:41715c910c881bc081f1e8872880d3c650acf13dfa8214bad49ed4cede7c34ea" },
    { url = "https://nexus.bia-tech.ru/repository/pypi.org/packages/pyyaml/6.0.3/pyyaml-6.0.3-cp312-cp312-win32.whl", hash = "sha256:96b533f0e99f6579b3d4d4995707cf36df9100d67e0c8303a0c55b27b5f99bc5" },
    { url = "https://nexus.bia-tech.ru/repository/pypi.org/packages/pyyaml/6.0.3/pyyaml-6.0.3-cp312-cp312-win_amd64.whl", hash = "sha256:5fcd34e47f6e0b794d17de1b4ff496c00986e1c83f7ab2fb8fcfe9616ff7477b" },
    { url = "https://nexus.bia-tech.ru/repository/pypi.org/packages/pyyaml/6.0.3/pyyaml-6.0.3-cp312-cp312-win_arm64.whl", hash = "sha256:64386e5e707d03a7e172c0701abfb7e10f0fb753ee1d773128192742712a98fd" },
]

[[package]]
name = "sniffio"
version = "1.3.1"
source = { registry = "https://nexus.bia-tech.ru/repository/pypi.org/simple/" }
sdist = { url = "https://nexus.bia-tech.ru/repository/pypi.org/packages/sniffio/1.3.1/sniffio-1.3.1.tar.gz", hash = "sha256:f4324edc670a0f49750a81b895f35c3adb843cca46f0530f79fc1babb23789dc" }
wheels = [
    { url = "https://nexus.bia-tech.ru/repository/pypi.org/packages/sniffio/1.3.1/sniffio-1.3.1-py3-none-any.whl", hash = "sha256:2f6da418d1f1e0fddd844478f41680e794e6051915791a034ff65e5f100525a2" },
]

[[package]]
name = "starlette"
version = "0.50.0"
source = { registry = "https://nexus.bia-tech.ru/repository/pypi.org/simple/" }
dependencies = [
    { name = "anyio" },
    { name = "typing-extensions" },
]
sdist = { url = "https://nexus.bia-tech.ru/repository/pypi.org/packages/starlette/0.50.0/starlette-0.50.0.tar.gz", hash = "sha256:a2a17b22203254bcbc2e1f926d2d55f3f9497f769416b3190768befe598fa3ca" }
wheels = [
    { url = "https://nexus.bia-tech.ru/repository/pypi.org/packages/starlette/0.50.0/starlette-0.50.0-py3-none-any.whl", hash = "sha256:9e5391843ec9b6e472eed1365a78c8098cfceb7a74bfd4d6b1c0c0095efb3bca" },
]

[[package]]
name = "typing-extensions"
version = "4.15.0"
source = { registry = "https://nexus.bia-tech.ru/repository/pypi.org/simple/" }
sdist = { url = "https://nexus.bia-tech.ru/repository/pypi.org/packages/typing-extensions/4.15.0/typing_extensions-4.15.0.tar.gz", hash = "sha256:0cea48d173cc12fa28ecabc3b837ea3cf6f38c6d1136f85cbaaf598984861466" }
wheels = [
    { url = "https://nexus.bia-tech.ru/repository/pypi.org/packages/typing-extensions/4.15.0/typing_extensions-4.15.0-py3-none-any.whl", hash = "sha256:f0fa19c6845758ab08074a0cfa8b7aecb71c999ca73d62883bc25cc018c4e548" },
]

[[package]]
name = "typing-inspection"
version = "0.4.2"
source = { registry = "https://nexus.bia-tech.ru/repository/pypi.org/simple/" }
dependencies = [
    { name = "typing-extensions" },
]
sdist = { url = "https://nexus.bia-tech.ru/repository/pypi.org/packages/typing-inspection/0.4.2/typing_inspection-0.4.2.tar.gz", hash = "sha256:ba561c48a67c5958007083d386c3295464928b01faa735ab8547c5692e87f464" }
wheels = [
    { url = "https://nexus.bia-tech.ru/repository/pypi.org/packages/typing-inspection/0.4.2/typing_inspection-0.4.2-py3-none-any.whl", hash = "sha256:4ed1cacbdc298c220f1bd249ed5287caa16f34d44ef4e9c3d0cbad5b521545e7" },
]

[[package]]
name = "uvicorn"
version = "0.38.0"
source = { registry = "https://nexus.bia-tech.ru/repository/pypi.org/simple/" }
dependencies = [
    { name = "click" },
    { name = "h11" },
]
sdist = { url = "https://nexus.bia-tech.ru/repository/pypi.org/packages/uvicorn/0.38.0/uvicorn-0.38.0.tar.gz", hash = "sha256:fd97093bdd120a2609fc0d3afe931d4d4ad688b6e75f0f929fde1bc36fe0e91d" }
wheels = [
    { url = "https://nexus.bia-tech.ru/repository/pypi.org/packages/uvicorn/0.38.0/uvicorn-0.38.0-py3-none-any.whl", hash = "sha256:48c0afd214ceb59340075b4a052ea1ee91c16fbc2a9b1469cca0e54566977b02" },
]

[package.optional-dependencies]
standard = [
    { name = "colorama", marker = "sys_platform == 'win32'" },
    { name = "httptools" },
    { name = "python-dotenv" },
    { name = "pyyaml" },
    { name = "uvloop", marker = "platform_python_implementation != 'PyPy' and sys_platform != 'cygwin' and sys_platform != 'win32'" },
    { name = "watchfiles" },
    { name = "websockets" },
]

[[package]]
name = "uvloop"
version = "0.22.1"
source = { registry = "https://nexus.bia-tech.ru/repository/pypi.org/simple/" }
sdist = { url = "https://nexus.bia-tech.ru/repository/pypi.org/packages/uvloop/0.22.1/uvloop-0.22.1.tar.gz", hash = "sha256:6c84bae345b9147082b17371e3dd5d42775bddce91f885499017f4607fdaf39f" }
wheels = [
    { url = "https://nexus.bia-tech.ru/repository/pypi.org/packages/uvloop/0.22.1/uvloop-0.22.1-cp312-cp312-macosx_10_13_universal2.whl", hash = "sha256:fe94b4564e865d968414598eea1a6de60adba0c040ba4ed05ac1300de402cd42" },
    { url = "https://nexus.bia-tech.ru/repository/pypi.org/packages/uvloop/0.22.1/uvloop-0.22.1-cp312-cp312-macosx_10_13_x86_64.whl", hash = "sha256:51eb9bd88391483410daad430813d982010f9c9c89512321f5b60e2cddbdddd6" },
    { url = "https://nexus.bia-tech.ru/repository/pypi.org/packages/uvloop/0.22.1/uvloop-0.22.1-cp312-cp312-manylinux2014_aarch64.manylinux_2_17_aarch64.manylinux_2_28_aarch64.whl", hash = "sha256:700e674a166ca5778255e0e1dc4e9d79ab2acc57b9171b79e65feba7184b3370" },
    { url = "https://nexus.bia-tech.ru/repository/pypi.org/packages/uvloop/0.22.1/uvloop-0.22.1-cp312-cp312-manylinux2014_x86_64.manylinux_2_17_x86_64.manylinux_2_28_x86_64.whl", hash = "sha256:7b5b1ac819a3f946d3b2ee07f09149578ae76066d70b44df3fa990add49a82e4" },
    { url = "https://nexus.bia-tech.ru/repository/pypi.org/packages/uvloop/0.22.1/uvloop-0.22.1-cp312-cp312-musllinux_1_2_aarch64.whl", hash = "sha256:e047cc068570bac9866237739607d1313b9253c3051ad84738cbb095be0537b2" },
    { url = "https://nexus.bia-tech.ru/repository/pypi.org/packages/uvloop/0.22.1/uvloop-0.22.1-cp312-cp312-musllinux_1_2_x86_64.whl", hash = "sha256:512fec6815e2dd45161054592441ef76c830eddaad55c8aa30952e6fe1ed07c0" },
]

[[package]]
name = "watchfiles"
version = "1.1.1"
source = { registry = "https://nexus.bia-tech.ru/repository/pypi.org/simple/" }
dependencies = [
    { name = "anyio" },
]
sdist = { url = "https://nexus.bia-tech.ru/repository/pypi.org/packages/watchfiles/1.1.1/watchfiles-1.1.1.tar.gz", hash = "sha256:a173cb5c16c4f40ab19cecf48a534c409f7ea983ab8fed0741304a1c0a31b3f2" }
wheels = [
    { url = "https://nexus.bia-tech.ru/repository/pypi.org/packages/watchfiles/1.1.1/watchfiles-1.1.1-cp312-cp312-macosx_10_12_x86_64.whl", hash = "sha256:8c89f9f2f740a6b7dcc753140dd5e1ab9215966f7a3530d0c0705c83b401bd7d" },
    { url = "https://nexus.bia-tech.ru/repository/pypi.org/packages/watchfiles/1.1.1/watchfiles-1.1.1-cp312-cp312-macosx_11_0_arm64.whl", hash = "sha256:bd404be08018c37350f0d6e34676bd1e2889990117a2b90070b3007f172d0610" },
    { url = "https://nexus.bia-tech.ru/repository/pypi.org/packages/watchfiles/1.1.1/watchfiles-1.1.1-cp312-cp312-manylinux_2_17_aarch64.manylinux2014_aarch64.whl", hash = "sha256:8526e8f916bb5b9a0a777c8317c23ce65de259422bba5b31325a6fa6029d33af" },
    { url = "https://nexus.bia-tech.ru/repository/pypi.org/packages/watchfiles/1.1.1/watchfiles-1.1.1-cp312-cp312-manylinux_2_17_armv7l.manylinux2014_armv7l.whl", hash = "sha256:2edc3553362b1c38d9f06242416a5d8e9fe235c204a4072e988ce2e5bb1f69f6" },
    { url = "https://nexus.bia-tech.ru/repository/pypi.org/packages/watchfiles/1.1.1/watchfiles-1.1.1-cp312-cp312-manylinux_2_17_i686.manylinux2014_i686.whl", hash = "sha256:30f7da3fb3f2844259cba4720c3fc7138eb0f7b659c38f3bfa65084c7fc7abce" },
    { url = "https://nexus.bia-tech.ru/repository/pypi.org/packages/watchfiles/1.1.1/watchfiles-1.1.1-cp312-cp312-manylinux_2_17_ppc64le.manylinux2014_ppc64le.whl", hash = "sha256:f8979280bdafff686ba5e4d8f97840f929a87ed9cdf133cbbd42f7766774d2aa" },
    { url = "https://nexus.bia-tech.ru/repository/pypi.org/packages/watchfiles/1.1.1/watchfiles-1.1.1-cp312-cp312-manylinux_2_17_s390x.manylinux2014_s390x.whl", hash = "sha256:dcc5c24523771db3a294c77d94771abcfcb82a0e0ee8efd910c37c59ec1b31bb" },
    { url = "https://nexus.bia-tech.ru/repository/pypi.org/packages/watchfiles/1.1.1/watchfiles-1.1.1-cp312-cp312-manylinux_2_17_x86_64.manylinux2014_x86_64.whl", hash = "sha256:1db5d7ae38ff20153d542460752ff397fcf5c96090c1230803713cf3147a6803" },
    { url = "https://nexus.bia-tech.ru/repository/pypi.org/packages/watchfiles/1.1.1/watchfiles-1.1.1-cp312-cp312-musllinux_1_1_aarch64.whl", hash = "sha256:28475ddbde92df1874b6c5c8aaeb24ad5be47a11f87cde5a28ef3835932e3e94" },
    { url = "https://nexus.bia-tech.ru/repository/pypi.org/packages/watchfiles/1.1.1/watchfiles-1.1.1-cp312-cp312-musllinux_1_1_x86_64.whl", hash = "sha256:36193ed342f5b9842edd3532729a2ad55c4160ffcfa3700e0d54be496b70dd43" },
    { url = "https://nexus.bia-tech.ru/repository/pypi.org/packages/watchfiles/1.1.1/watchfiles-1.1.1-cp312-cp312-win32.whl", hash = "sha256:859e43a1951717cc8de7f4c77674a6d389b106361585951d9e69572823f311d9" },
    { url = "https://nexus.bia-tech.ru/repository/pypi.org/packages/watchfiles/1.1.1/watchfiles-1.1.1-cp312-cp312-win_amd64.whl", hash = "sha256:91d4c9a823a8c987cce8fa2690923b069966dabb196dd8d137ea2cede885fde9" },
    { url = "https://nexus.bia-tech.ru/repository/pypi.org/packages/watchfiles/1.1.1/watchfiles-1.1.1-cp312-cp312-win_arm64.whl", hash = "sha256:a625815d4a2bdca61953dbba5a39d60164451ef34c88d751f6c368c3ea73d404" },
]

[[package]]
name = "websockets"
version = "15.0.1"
source = { registry = "https://nexus.bia-tech.ru/repository/pypi.org/simple/" }
sdist = { url = "https://nexus.bia-tech.ru/repository/pypi.org/packages/websockets/15.0.1/websockets-15.0.1.tar.gz", hash = "sha256:82544de02076bafba038ce055ee6412d68da13ab47f0c60cab827346de828dee" }
wheels = [
    { url = "https://nexus.bia-tech.ru/repository/pypi.org/packages/websockets/15.0.1/websockets-15.0.1-cp312-cp312-macosx_10_13_universal2.whl", hash = "sha256:3e90baa811a5d73f3ca0bcbf32064d663ed81318ab225ee4f427ad4e26e5aff3" },
    { url = "https://nexus.bia-tech.ru/repository/pypi.org/packages/websockets/15.0.1/websockets-15.0.1-cp312-cp312-macosx_10_13_x86_64.whl", hash = "sha256:592f1a9fe869c778694f0aa806ba0374e97648ab57936f092fd9d87f8bc03665" },
    { url = "https://nexus.bia-tech.ru/repository/pypi.org/packages/websockets/15.0.1/websockets-15.0.1-cp312-cp312-macosx_11_0_arm64.whl", hash = "sha256:0701bc3cfcb9164d04a14b149fd74be7347a530ad3bbf15ab2c678a2cd3dd9a2" },
    { url = "https://nexus.bia-tech.ru/repository/pypi.org/packages/websockets/15.0.1/websockets-15.0.1-cp312-cp312-manylinux_2_17_aarch64.manylinux2014_aarch64.whl", hash = "sha256:e8b56bdcdb4505c8078cb6c7157d9811a85790f2f2b3632c7d1462ab5783d215" },
    { url = "https://nexus.bia-tech.ru/repository/pypi.org/packages/websockets/15.0.1/websockets-15.0.1-cp312-cp312-manylinux_2_5_i686.manylinux1_i686.manylinux_2_17_i686.manylinux2014_i686.whl", hash = "sha256:0af68c55afbd5f07986df82831c7bff04846928ea8d1fd7f30052638788bc9b5" },
    { url = "https://nexus.bia-tech.ru/repository/pypi.org/packages/websockets/15.0.1/websockets-15.0.1-cp312-cp312-manylinux_2_5_x86_64.manylinux1_x86_64.manylinux_2_17_x86_64.manylinux2014_x86_64.whl", hash = "sha256:64dee438fed052b52e4f98f76c5790513235efaa1ef7f3f2192c392cd7c91b65" },
    { url = "https://nexus.bia-tech.ru/repository/pypi.org/packages/websockets/15.0.1/websockets-15.0.1-cp312-cp312-musllinux_1_2_aarch64.whl", hash = "sha256:d5f6b181bb38171a8ad1d6aa58a67a6aa9d4b38d0f8c5f496b9e42561dfc62fe" },
    { url = "https://nexus.bia-tech.ru/repository/pypi.org/packages/websockets/15.0.1/websockets-15.0.1-cp312-cp312-musllinux_1_2_i686.whl", hash = "sha256:5d54b09eba2bada6011aea5375542a157637b91029687eb4fdb2dab11059c1b4" },
    { url = "https://nexus.bia-tech.ru/repository/pypi.org/packages/websockets/15.0.1/websockets-15.0.1-cp312-cp312-musllinux_1_2_x86_64.whl", hash = "sha256:3be571a8b5afed347da347bfcf27ba12b069d9d7f42cb8c7028b5e98bbb12597" },
    { url = "https://nexus.bia-tech.ru/repository/pypi.org/packages/websockets/15.0.1/websockets-15.0.1-cp312-cp312-win32.whl", hash = "sha256:c338ffa0520bdb12fbc527265235639fb76e7bc7faafbb93f6ba80d9c06578a9" },
    { url = "https://nexus.bia-tech.ru/repository/pypi.org/packages/websockets/15.0.1/websockets-15.0.1-cp312-cp312-win_amd64.whl", hash = "sha256:fcd5cf9e305d7b8338754470cf69cf81f420459dbae8a3b40cee57417f4614a7" },
    { url = "https://nexus.bia-tech.ru/repository/pypi.org/packages/websockets/15.0.1/websockets-15.0.1-py3-none-any.whl", hash = "sha256:f7a866fbc1e97b5c617ee4116daaa09b722101d4a3c170c787450ba409f9736f" },
]
